Microsoft Visual Studio Solution File, Format Version 12.00
# Visual Studio Version 17
VisualStudioVersion = 17.5.2.0
MinimumVisualStudioVersion = 10.0.40219.1
Project("{FAE04EC0-301F-11D3-BF4B-00C04F79EFBC}") = "MaceraOyunu", "MaceraOyunu.csproj", "{73431C34-C8BD-EE4A-0621-21422FE6A930}"
EndProject
Global
	GlobalSection(SolutionConfigurationPlatforms) = preSolution
		Debug|Any CPU = Debug|Any CPU
		Release|Any CPU = Release|Any CPU
	EndGlobalSection
	GlobalSection(ProjectConfigurationPlatforms) = postSolution
		{73431C34-C8BD-EE4A-0621-21422FE6A930}.Debug|Any CPU.ActiveCfg = Debug|Any CPU
		{73431C34-C8BD-EE4A-0621-21422FE6A930}.Debug|Any CPU.Build.0 = Debug|Any CPU
		{73431C34-C8BD-EE4A-0621-21422FE6A930}.Release|Any CPU.ActiveCfg = Release|Any CPU
		{73431C34-C8BD-EE4A-0621-21422FE6A930}.Release|Any CPU.Build.0 = Release|Any CPU
	EndGlobalSection
	GlobalSection(SolutionProperties) = preSolution
		HideSolutionNode = FALSE
	EndGlobalSection
	GlobalSection(ExtensibilityGlobals) = postSolution
		SolutionGuid = {9A128FDB-6D06-48B3-911C-DBFC4A073E23}
	EndGlobalSection
EndGlobal
